
Microsoft Visual Studio Solution File, Format Version 12.00
# Visual Studio 15
VisualStudioVersion = 15.0.28010.2003
MinimumVisualStudioVersion = 10.0.40219.1
Project("{FAE04EC0-301F-11D3-BF4B-00C04F79EFBC}") = "Fasetto.Word", "Fasetto.Word\Fasetto.Word.csproj", "{1E295564-EC22-4F30-8A70-F66A11B15DEE}"
EndProject
Project("{FAE04EC0-301F-11D3-BF4B-00C04F79EFBC}") = "Fasetto.Word.Core", "Fasetto.Word.Core\Fasetto.Word.Core.csproj", "{836B0D47-0DF9-489B-810B-99DEDEAEAB0D}"
EndProject
Global
	GlobalSection(SolutionConfigurationPlatforms) = preSolution
		Debug|Any CPU = Debug|Any CPU
		Release|Any CPU = Release|Any CPU
	EndGlobalSection
	GlobalSection(ProjectConfigurationPlatforms) = postSolution
		{1E295564-EC22-4F30-8A70-F66A11B15DEE}.Debug|Any CPU.ActiveCfg = Debug|Any CPU
		{1E295564-EC22-4F30-8A70-F66A11B15DEE}.Debug|Any CPU.Build.0 = Debug|Any CPU
		{1E295564-EC22-4F30-8A70-F66A11B15DEE}.Release|Any CPU.ActiveCfg = Release|Any CPU
		{1E295564-EC22-4F30-8A70-F66A11B15DEE}.Release|Any CPU.Build.0 = Release|Any CPU
		{836B0D47-0DF9-489B-810B-99DEDEAEAB0D}.Debug|Any CPU.ActiveCfg = Debug|Any CPU
		{836B0D47-0DF9-489B-810B-99DEDEAEAB0D}.Debug|Any CPU.Build.0 = Debug|Any CPU
		{836B0D47-0DF9-489B-810B-99DEDEAEAB0D}.Release|Any CPU.ActiveCfg = Release|Any CPU
		{836B0D47-0DF9-489B-810B-99DEDEAEAB0D}.Release|Any CPU.Build.0 = Release|Any CPU
	EndGlobalSection
	GlobalSection(SolutionProperties) = preSolution
		HideSolutionNode = FALSE
	EndGlobalSection
	GlobalSection(ExtensibilityGlobals) = postSolution
		SolutionGuid = {52DE5ADA-6729-42BF-8A33-1D9D94140333}
	EndGlobalSection
EndGlobal
